
Microsoft Visual Studio Solution File, Format Version 12.00
# Visual Studio 15
Project("{FAE04EC0-301F-11D3-BF4B-00C04F79EFBC}") = "Mediapipe.Tests.EditMode", "Mediapipe.Tests.EditMode.csproj", "{FE12AE7A-DA77-C225-B502-1460E9C8277A}"
EndProject
Project("{FAE04EC0-301F-11D3-BF4B-00C04F79EFBC}") = "Assembly-CSharp", "Assembly-CSharp.csproj", "{4F39CF7B-F688-FDC9-F8BA-FCFA22DE7EEC}"
EndProject
Project("{FAE04EC0-301F-11D3-BF4B-00C04F79EFBC}") = "Mediapipe.Runtime", "Mediapipe.Runtime.csproj", "{38F03209-DBEB-D502-B24F-148E8DA052BD}"
EndProject
Project("{FAE04EC0-301F-11D3-BF4B-00C04F79EFBC}") = "Assembly-CSharp", "Assembly-CSharp.Player.csproj", "{C09AE742-0EDC-E238-B9D0-F0F2AA1BCF3C}"
EndProject
Project("{FAE04EC0-301F-11D3-BF4B-00C04F79EFBC}") = "Mediapipe.Runtime", "Mediapipe.Runtime.Player.csproj", "{AA78F31D-A9ED-E117-4C92-9631D5CE9AB6}"
EndProject
Global
	GlobalSection(SolutionConfigurationPlatforms) = preSolution
		Debug|Any CPU = Debug|Any CPU
		Release|Any CPU = Release|Any CPU
	EndGlobalSection
	GlobalSection(ProjectConfigurationPlatforms) = postSolution
		{FE12AE7A-DA77-C225-B502-1460E9C8277A}.Debug|Any CPU.ActiveCfg = Debug|Any CPU
		{FE12AE7A-DA77-C225-B502-1460E9C8277A}.Debug|Any CPU.Build.0 = Debug|Any CPU
		{FE12AE7A-DA77-C225-B502-1460E9C8277A}.Release|Any CPU.ActiveCfg = Release|Any CPU
		{FE12AE7A-DA77-C225-B502-1460E9C8277A}.Release|Any CPU.Build.0 = Release|Any CPU
		{4F39CF7B-F688-FDC9-F8BA-FCFA22DE7EEC}.Debug|Any CPU.ActiveCfg = Debug|Any CPU
		{4F39CF7B-F688-FDC9-F8BA-FCFA22DE7EEC}.Debug|Any CPU.Build.0 = Debug|Any CPU
		{4F39CF7B-F688-FDC9-F8BA-FCFA22DE7EEC}.Release|Any CPU.ActiveCfg = Release|Any CPU
		{4F39CF7B-F688-FDC9-F8BA-FCFA22DE7EEC}.Release|Any CPU.Build.0 = Release|Any CPU
		{38F03209-DBEB-D502-B24F-148E8DA052BD}.Debug|Any CPU.ActiveCfg = Debug|Any CPU
		{38F03209-DBEB-D502-B24F-148E8DA052BD}.Debug|Any CPU.Build.0 = Debug|Any CPU
		{38F03209-DBEB-D502-B24F-148E8DA052BD}.Release|Any CPU.ActiveCfg = Release|Any CPU
		{38F03209-DBEB-D502-B24F-148E8DA052BD}.Release|Any CPU.Build.0 = Release|Any CPU
		{C09AE742-0EDC-E238-B9D0-F0F2AA1BCF3C}.Debug|Any CPU.ActiveCfg = Debug|Any CPU
		{C09AE742-0EDC-E238-B9D0-F0F2AA1BCF3C}.Debug|Any CPU.Build.0 = Debug|Any CPU
		{C09AE742-0EDC-E238-B9D0-F0F2AA1BCF3C}.Release|Any CPU.ActiveCfg = Release|Any CPU
		{C09AE742-0EDC-E238-B9D0-F0F2AA1BCF3C}.Release|Any CPU.Build.0 = Release|Any CPU
		{AA78F31D-A9ED-E117-4C92-9631D5CE9AB6}.Debug|Any CPU.ActiveCfg = Debug|Any CPU
		{AA78F31D-A9ED-E117-4C92-9631D5CE9AB6}.Debug|Any CPU.Build.0 = Debug|Any CPU
		{AA78F31D-A9ED-E117-4C92-9631D5CE9AB6}.Release|Any CPU.ActiveCfg = Release|Any CPU
		{AA78F31D-A9ED-E117-4C92-9631D5CE9AB6}.Release|Any CPU.Build.0 = Release|Any CPU
	EndGlobalSection
	GlobalSection(SolutionProperties) = preSolution
		HideSolutionNode = FALSE
	EndGlobalSection
EndGlobal
